// !$*UTF8*$!
{
	archiveVersion = 1;
	classes = {
	};
	objectVersion = 46;
	objects = {

/* Begin PBXBuildFile section */
		B11DC99E198CDF8800904C17 /* PushOffTransition.swift in Sources */ = {isa = PBXBuildFile; fileRef = B11DC99D198CDF8800904C17 /* PushOffTransition.swift */; };
		B11DC9A1198CEADD00904C17 /* SwipeInTransition.swift in Sources */ = {isa = PBXBuildFile; fileRef = B11DC9A0198CEADD00904C17 /* SwipeInTransition.swift */; };
		B11DC9A3198D20D300904C17 /* SwingInTransition.swift in Sources */ = {isa = PBXBuildFile; fileRef = B11DC9A2198D20D300904C17 /* SwingInTransition.swift */; };
		B11DC9A8198E415600904C17 /* Foundation.framework in Frameworks */ = {isa = PBXBuildFile; fileRef = B11DC9A7198E415600904C17 /* Foundation.framework */; settings = {ATTRIBUTES = (Weak, ); }; };
		B11DC9AA198E417200904C17 /* CoreMotion.framework in Frameworks */ = {isa = PBXBuildFile; fileRef = B11DC9A9198E417200904C17 /* CoreMotion.framework */; settings = {ATTRIBUTES = (Weak, ); }; };
		B11DC9AC198E41A300904C17 /* UIKit.framework in Frameworks */ = {isa = PBXBuildFile; fileRef = B11DC9AB198E41A300904C17 /* UIKit.framework */; settings = {ATTRIBUTES = (Weak, ); }; };
		B11DC9AE198E41F700904C17 /* CFNetwork.framework in Frameworks */ = {isa = PBXBuildFile; fileRef = B11DC9AD198E41F700904C17 /* CFNetwork.framework */; settings = {ATTRIBUTES = (Weak, ); }; };
		B13C937A198ACA8700728A5B /* DropInTransition.swift in Sources */ = {isa = PBXBuildFile; fileRef = B13C9379198ACA8700728A5B /* DropInTransition.swift */; };
		B152F698198911DB006081AF /* TransitionViewController.swift in Sources */ = {isa = PBXBuildFile; fileRef = B152F697198911DB006081AF /* TransitionViewController.swift */; };
		B155055419816930003BA89B /* AppDelegate.swift in Sources */ = {isa = PBXBuildFile; fileRef = B155055319816930003BA89B /* AppDelegate.swift */; };
		B155055619816930003BA89B /* GravityFirstViewController.swift in Sources */ = {isa = PBXBuildFile; fileRef = B155055519816930003BA89B /* GravityFirstViewController.swift */; };
		B155055819816930003BA89B /* QuizViewController.swift in Sources */ = {isa = PBXBuildFile; fileRef = B155055719816930003BA89B /* QuizViewController.swift */; };
		B155055B19816930003BA89B /* Main.storyboard in Resources */ = {isa = PBXBuildFile; fileRef = B155055919816930003BA89B /* Main.storyboard */; };
		B155055D19816930003BA89B /* Images.xcassets in Resources */ = {isa = PBXBuildFile; fileRef = B155055C19816930003BA89B /* Images.xcassets */; };
		B155056919816930003BA89B /* UIKit_Dynamics_DemoTests.swift in Sources */ = {isa = PBXBuildFile; fileRef = B155056819816930003BA89B /* UIKit_Dynamics_DemoTests.swift */; };
/* End PBXBuildFile section */

/* Begin PBXContainerItemProxy section */
		B155056319816930003BA89B /* PBXContainerItemProxy */ = {
			isa = PBXContainerItemProxy;
			containerPortal = B155054619816930003BA89B /* Project object */;
			proxyType = 1;
			remoteGlobalIDString = B155054D19816930003BA89B;
			remoteInfo = "UIKit Dynamics Demo";
		};
/* End PBXContainerItemProxy section */

/* Begin PBXFileReference section */
		B11DC99D198CDF8800904C17 /* PushOffTransition.swift */ = {isa = PBXFileReference; fileEncoding = 4; lastKnownFileType = sourcecode.swift; path = PushOffTransition.swift; sourceTree = "<group>"; };
		B11DC9A0198CEADD00904C17 /* SwipeInTransition.swift */ = {isa = PBXFileReference; fileEncoding = 4; lastKnownFileType = sourcecode.swift; path = SwipeInTransition.swift; sourceTree = "<group>"; };
		B11DC9A2198D20D300904C17 /* SwingInTransition.swift */ = {isa = PBXFileReference; fileEncoding = 4; lastKnownFileType = sourcecode.swift; path = SwingInTransition.swift; sourceTree = "<group>"; };
		B11DC9A5198D4E7900904C17 /* README.md */ = {isa = PBXFileReference; fileEncoding = 4; lastKnownFileType = net.daringfireball.markdown; path = README.md; sourceTree = SOURCE_ROOT; };
		B11DC9A7198E415600904C17 /* Foundation.framework */ = {isa = PBXFileReference; lastKnownFileType = wrapper.framework; name = Foundation.framework; path = System/Library/Frameworks/Foundation.framework; sourceTree = SDKROOT; };
		B11DC9A9198E417200904C17 /* CoreMotion.framework */ = {isa = PBXFileReference; lastKnownFileType = wrapper.framework; name = CoreMotion.framework; path = System/Library/Frameworks/CoreMotion.framework; sourceTree = SDKROOT; };
		B11DC9AB198E41A300904C17 /* UIKit.framework */ = {isa = PBXFileReference; lastKnownFileType = wrapper.framework; name = UIKit.framework; path = System/Library/Frameworks/UIKit.framework; sourceTree = SDKROOT; };
		B11DC9AD198E41F700904C17 /* CFNetwork.framework */ = {isa = PBXFileReference; lastKnownFileType = wrapper.framework; name = CFNetwork.framework; path = System/Library/Frameworks/CFNetwork.framework; sourceTree = SDKROOT; };
		B13C9379198ACA8700728A5B /* DropInTransition.swift */ = {isa = PBXFileReference; fileEncoding = 4; lastKnownFileType = sourcecode.swift; path = DropInTransition.swift; sourceTree = "<group>"; };
		B152F697198911DB006081AF /* TransitionViewController.swift */ = {isa = PBXFileReference; fileEncoding = 4; lastKnownFileType = sourcecode.swift; path = TransitionViewController.swift; sourceTree = "<group>"; };
		B155054E19816930003BA89B /* UIKit Dynamics Demo.app */ = {isa = PBXFileReference; explicitFileType = wrapper.application; includeInIndex = 0; path = "UIKit Dynamics Demo.app"; sourceTree = BUILT_PRODUCTS_DIR; };
		B155055219816930003BA89B /* Info.plist */ = {isa = PBXFileReference; lastKnownFileType = text.plist.xml; path = Info.plist; sourceTree = "<group>"; };
		B155055319816930003BA89B /* AppDelegate.swift */ = {isa = PBXFileReference; lastKnownFileType = sourcecode.swift; path = AppDelegate.swift; sourceTree = "<group>"; };
		B155055519816930003BA89B /* GravityFirstViewController.swift */ = {isa = PBXFileReference; lastKnownFileType = sourcecode.swift; path = GravityFirstViewController.swift; sourceTree = "<group>"; };
		B155055719816930003BA89B /* QuizViewController.swift */ = {isa = PBXFileReference; lastKnownFileType = sourcecode.swift; path = QuizViewController.swift; sourceTree = "<group>"; };
		B155055A19816930003BA89B /* Base */ = {isa = PBXFileReference; lastKnownFileType = file.storyboard; name = Base; path = Base.lproj/Main.storyboard; sourceTree = "<group>"; };
		B155055C19816930003BA89B /* Images.xcassets */ = {isa = PBXFileReference; lastKnownFileType = folder.assetcatalog; path = Images.xcassets; sourceTree = "<group>"; };
		B155056219816930003BA89B /* UIKit Dynamics DemoTests.xctest */ = {isa = PBXFileReference; explicitFileType = wrapper.cfbundle; includeInIndex = 0; path = "UIKit Dynamics DemoTests.xctest"; sourceTree = BUILT_PRODUCTS_DIR; };
		B155056819816930003BA89B /* UIKit_Dynamics_DemoTests.swift */ = {isa = PBXFileReference; lastKnownFileType = sourcecode.swift; path = UIKit_Dynamics_DemoTests.swift; sourceTree = "<group>"; };
/* End PBXFileReference section */

/* Begin PBXFrameworksBuildPhase section */
		B155054B19816930003BA89B /* Frameworks */ = {
			isa = PBXFrameworksBuildPhase;
			buildActionMask = 2147483647;
			files = (
				B11DC9A8198E415600904C17 /* Foundation.framework in Frameworks */,
				B11DC9AE198E41F700904C17 /* CFNetwork.framework in Frameworks */,
				B11DC9AC198E41A300904C17 /* UIKit.framework in Frameworks */,
				B11DC9AA198E417200904C17 /* CoreMotion.framework in Frameworks */,
			);
			runOnlyForDeploymentPostprocessing = 0;
		};
		B155055F19816930003BA89B /* Frameworks */ = {
			isa = PBXFrameworksBuildPhase;
			buildActionMask = 2147483647;
			files = (
			);
			runOnlyForDeploymentPostprocessing = 0;
		};
/* End PBXFrameworksBuildPhase section */

/* Begin PBXGroup section */
		B11DC99F198CE23100904C17 /* Transitions */ = {
			isa = PBXGroup;
			children = (
				B13C9379198ACA8700728A5B /* DropInTransition.swift */,
				B11DC9A0198CEADD00904C17 /* SwipeInTransition.swift */,
				B11DC9A2198D20D300904C17 /* SwingInTransition.swift */,
				B11DC99D198CDF8800904C17 /* PushOffTransition.swift */,
			);
			name = Transitions;
			sourceTree = "<group>";
		};
		B11DC9A4198D4D9600904C17 /* ViewControllers */ = {
			isa = PBXGroup;
			children = (
				B155055519816930003BA89B /* GravityFirstViewController.swift */,
				B155055719816930003BA89B /* QuizViewController.swift */,
				B152F697198911DB006081AF /* TransitionViewController.swift */,
			);
			name = ViewControllers;
			sourceTree = "<group>";
		};
		B155054519816930003BA89B = {
			isa = PBXGroup;
			children = (
				B11DC9AD198E41F700904C17 /* CFNetwork.framework */,
				B11DC9AB198E41A300904C17 /* UIKit.framework */,
				B155055019816930003BA89B /* UIKit Dynamics Demo */,
				B155056519816930003BA89B /* UIKit Dynamics DemoTests */,
				B155054F19816930003BA89B /* Products */,
			);
			sourceTree = "<group>";
		};
		B155054F19816930003BA89B /* Products */ = {
			isa = PBXGroup;
			children = (
				B155054E19816930003BA89B /* UIKit Dynamics Demo.app */,
				B155056219816930003BA89B /* UIKit Dynamics DemoTests.xctest */,
			);
			name = Products;
			sourceTree = "<group>";
		};
		B155055019816930003BA89B /* UIKit Dynamics Demo */ = {
			isa = PBXGroup;
			children = (
				B11DC9A4198D4D9600904C17 /* ViewControllers */,
				B11DC99F198CE23100904C17 /* Transitions */,
				B155055919816930003BA89B /* Main.storyboard */,
				B155055C19816930003BA89B /* Images.xcassets */,
				B155055119816930003BA89B /* Supporting Files */,
			);
			path = "UIKit Dynamics Demo";
			sourceTree = "<group>";
		};
		B155055119816930003BA89B /* Supporting Files */ = {
			isa = PBXGroup;
			children = (
				B11DC9A5198D4E7900904C17 /* README.md */,
				B155055319816930003BA89B /* AppDelegate.swift */,
				B155055219816930003BA89B /* Info.plist */,
			);
			name = "Supporting Files";
			sourceTree = "<group>";
		};
		B155056519816930003BA89B /* UIKit Dynamics DemoTests */ = {
			isa = PBXGroup;
			children = (
				B155056819816930003BA89B /* UIKit_Dynamics_DemoTests.swift */,
				B155056619816930003BA89B /* Supporting Files */,
			);
			path = "UIKit Dynamics DemoTests";
			sourceTree = "<group>";
		};
		B155056619816930003BA89B /* Supporting Files */ = {
			isa = PBXGroup;
			children = (
				B11DC9A9198E417200904C17 /* CoreMotion.framework */,
				B11DC9A7198E415600904C17 /* Foundation.framework */,
			);
			name = "Supporting Files";
			sourceTree = "<group>";
		};
/* End PBXGroup section */

/* Begin PBXNativeTarget section */
		B155054D19816930003BA89B /* UIKit Dynamics Demo */ = {
			isa = PBXNativeTarget;
			buildConfigurationList = B155056C19816930003BA89B /* Build configuration list for PBXNativeTarget "UIKit Dynamics Demo" */;
			buildPhases = (
				B155054A19816930003BA89B /* Sources */,
				B155054B19816930003BA89B /* Frameworks */,
				B155054C19816930003BA89B /* Resources */,
			);
			buildRules = (
			);
			dependencies = (
			);
			name = "UIKit Dynamics Demo";
			productName = "UIKit Dynamics Demo";
			productReference = B155054E19816930003BA89B /* UIKit Dynamics Demo.app */;
			productType = "com.apple.product-type.application";
		};
		B155056119816930003BA89B /* UIKit Dynamics DemoTests */ = {
			isa = PBXNativeTarget;
			buildConfigurationList = B155056F19816930003BA89B /* Build configuration list for PBXNativeTarget "UIKit Dynamics DemoTests" */;
			buildPhases = (
				B155055E19816930003BA89B /* Sources */,
				B155055F19816930003BA89B /* Frameworks */,
				B155056019816930003BA89B /* Resources */,
			);
			buildRules = (
			);
			dependencies = (
				B155056419816930003BA89B /* PBXTargetDependency */,
			);
			name = "UIKit Dynamics DemoTests";
			productName = "UIKit Dynamics DemoTests";
			productReference = B155056219816930003BA89B /* UIKit Dynamics DemoTests.xctest */;
			productType = "com.apple.product-type.bundle.unit-test";
		};
/* End PBXNativeTarget section */

/* Begin PBXProject section */
		B155054619816930003BA89B /* Project object */ = {
			isa = PBXProject;
			attributes = {
				LastUpgradeCheck = 0600;
				ORGANIZATIONNAME = Cenny;
				TargetAttributes = {
					B155054D19816930003BA89B = {
						CreatedOnToolsVersion = 6.0;
					};
					B155056119816930003BA89B = {
						CreatedOnToolsVersion = 6.0;
						TestTargetID = B155054D19816930003BA89B;
					};
				};
			};
			buildConfigurationList = B155054919816930003BA89B /* Build configuration list for PBXProject "UIKit Dynamics Demo" */;
			compatibilityVersion = "Xcode 3.2";
			developmentRegion = English;
			hasScannedForEncodings = 0;
			knownRegions = (
				en,
				Base,
			);
			mainGroup = B155054519816930003BA89B;
			productRefGroup = B155054F19816930003BA89B /* Products */;
			projectDirPath = "";
			projectRoot = "";
			targets = (
				B155054D19816930003BA89B /* UIKit Dynamics Demo */,
				B155056119816930003BA89B /* UIKit Dynamics DemoTests */,
			);
		};
/* End PBXProject section */

/* Begin PBXResourcesBuildPhase section */
		B155054C19816930003BA89B /* Resources */ = {
			isa = PBXResourcesBuildPhase;
			buildActionMask = 2147483647;
			files = (
				B155055B19816930003BA89B /* Main.storyboard in Resources */,
				B155055D19816930003BA89B /* Images.xcassets in Resources */,
			);
			runOnlyForDeploymentPostprocessing = 0;
		};
		B155056019816930003BA89B /* Resources */ = {
			isa = PBXResourcesBuildPhase;
			buildActionMask = 2147483647;
			files = (
			);
			runOnlyForDeploymentPostprocessing = 0;
		};
/* End PBXResourcesBuildPhase section */

/* Begin PBXSourcesBuildPhase section */
		B155054A19816930003BA89B /* Sources */ = {
			isa = PBXSourcesBuildPhase;
			buildActionMask = 2147483647;
			files = (
				B11DC99E198CDF8800904C17 /* PushOffTransition.swift in Sources */,
				B13C937A198ACA8700728A5B /* DropInTransition.swift in Sources */,
				B155055819816930003BA89B /* QuizViewController.swift in Sources */,
				B11DC9A1198CEADD00904C17 /* SwipeInTransition.swift in Sources */,
				B11DC9A3198D20D300904C17 /* SwingInTransition.swift in Sources */,
				B155055419816930003BA89B /* AppDelegate.swift in Sources */,
				B155055619816930003BA89B /* GravityFirstViewController.swift in Sources */,
				B152F698198911DB006081AF /* TransitionViewController.swift in Sources */,
			);
			runOnlyForDeploymentPostprocessing = 0;
		};
		B155055E19816930003BA89B /* Sources */ = {
			isa = PBXSourcesBuildPhase;
			buildActionMask = 2147483647;
			files = (
				B155056919816930003BA89B /* UIKit_Dynamics_DemoTests.swift in Sources */,
			);
			runOnlyForDeploymentPostprocessing = 0;
		};
/* End PBXSourcesBuildPhase section */

/* Begin PBXTargetDependency section */
		B155056419816930003BA89B /* PBXTargetDependency */ = {
			isa = PBXTargetDependency;
			target = B155054D19816930003BA89B /* UIKit Dynamics Demo */;
			targetProxy = B155056319816930003BA89B /* PBXContainerItemProxy */;
		};
/* End PBXTargetDependency section */

/* Begin PBXVariantGroup section */
		B155055919816930003BA89B /* Main.storyboard */ = {
			isa = PBXVariantGroup;
			children = (
				B155055A19816930003BA89B /* Base */,
			);
			name = Main.storyboard;
			sourceTree = "<group>";
		};
/* End PBXVariantGroup section */

/* Begin XCBuildConfiguration section */
		B155056A19816930003BA89B /* Debug */ = {
			isa = XCBuildConfiguration;
			buildSettings = {
				ALWAYS_SEARCH_USER_PATHS = NO;
				CLANG_CXX_LANGUAGE_STANDARD = "gnu++0x";
				CLANG_CXX_LIBRARY = "libc++";
				CLANG_ENABLE_MODULES = YES;
				CLANG_ENABLE_OBJC_ARC = YES;
				CLANG_WARN_BOOL_CONVERSION = YES;
				CLANG_WARN_CONSTANT_CONVERSION = YES;
				CLANG_WARN_DIRECT_OBJC_ISA_USAGE = YES_ERROR;
				CLANG_WARN_EMPTY_BODY = YES;
				CLANG_WARN_ENUM_CONVERSION = YES;
				CLANG_WARN_INT_CONVERSION = YES;
				CLANG_WARN_OBJC_ROOT_CLASS = YES_ERROR;
				CLANG_WARN_UNREACHABLE_CODE = YES;
				CLANG_WARN__DUPLICATE_METHOD_MATCH = YES;
				"CODE_SIGN_IDENTITY[sdk=iphoneos*]" = "iPhone Developer";
				COPY_PHASE_STRIP = NO;
				ENABLE_STRICT_OBJC_MSGSEND = YES;
				GCC_C_LANGUAGE_STANDARD = gnu99;
				GCC_DYNAMIC_NO_PIC = NO;
				GCC_OPTIMIZATION_LEVEL = 0;
				GCC_PREPROCESSOR_DEFINITIONS = (
					"DEBUG=1",
					"$(inherited)",
				);
				GCC_SYMBOLS_PRIVATE_EXTERN = NO;
				GCC_WARN_64_TO_32_BIT_CONVERSION = YES;
				GCC_WARN_ABOUT_RETURN_TYPE = YES_ERROR;
				GCC_WARN_UNDECLARED_SELECTOR = YES;
				GCC_WARN_UNINITIALIZED_AUTOS = YES_AGGRESSIVE;
				GCC_WARN_UNUSED_FUNCTION = YES;
				GCC_WARN_UNUSED_VARIABLE = YES;
				IPHONEOS_DEPLOYMENT_TARGET = 8.0;
				MTL_ENABLE_DEBUG_INFO = YES;
				ONLY_ACTIVE_ARCH = YES;
				SDKROOT = iphoneos;
				SWIFT_OPTIMIZATION_LEVEL = "-Onone";
			};
			name = Debug;
		};
		B155056B19816930003BA89B /* Release */ = {
			isa = XCBuildConfiguration;
			buildSettings = {
				ALWAYS_SEARCH_USER_PATHS = NO;
				CLANG_CXX_LANGUAGE_STANDARD = "gnu++0x";
				CLANG_CXX_LIBRARY = "libc++";
				CLANG_ENABLE_MODULES = YES;
				CLANG_ENABLE_OBJC_ARC = YES;
				CLANG_WARN_BOOL_CONVERSION = YES;
				CLANG_WARN_CONSTANT_CONVERSION = YES;
				CLANG_WARN_DIRECT_OBJC_ISA_USAGE = YES_ERROR;
				CLANG_WARN_EMPTY_BODY = YES;
				CLANG_WARN_ENUM_CONVERSION = YES;
				CLANG_WARN_INT_CONVERSION = YES;
				CLANG_WARN_OBJC_ROOT_CLASS = YES_ERROR;
				CLANG_WARN_UNREACHABLE_CODE = YES;
				CLANG_WARN__DUPLICATE_METHOD_MATCH = YES;
				"CODE_SIGN_IDENTITY[sdk=iphoneos*]" = "iPhone Developer";
				COPY_PHASE_STRIP = YES;
				ENABLE_NS_ASSERTIONS = NO;
				ENABLE_STRICT_OBJC_MSGSEND = YES;
				GCC_C_LANGUAGE_STANDARD = gnu99;
				GCC_WARN_64_TO_32_BIT_CONVERSION = YES;
				GCC_WARN_ABOUT_RETURN_TYPE = YES_ERROR;
				GCC_WARN_UNDECLARED_SELECTOR = YES;
				GCC_WARN_UNINITIALIZED_AUTOS = YES_AGGRESSIVE;
				GCC_WARN_UNUSED_FUNCTION = YES;
				GCC_WARN_UNUSED_VARIABLE = YES;
				IPHONEOS_DEPLOYMENT_TARGET = 8.0;
				MTL_ENABLE_DEBUG_INFO = NO;
				SDKROOT = iphoneos;
				VALIDATE_PRODUCT = YES;
			};
			name = Release;
		};
		B155056D19816930003BA89B /* Debug */ = {
			isa = XCBuildConfiguration;
			buildSettings = {
				ASSETCATALOG_COMPILER_APPICON_NAME = AppIcon;
				ASSETCATALOG_COMPILER_LAUNCHIMAGE_NAME = LaunchImage;
				CODE_SIGN_IDENTITY = "iPhone Developer";
				INFOPLIST_FILE = "UIKit Dynamics Demo/Info.plist";
				IPHONEOS_DEPLOYMENT_TARGET = 7.1;
				LD_RUNPATH_SEARCH_PATHS = "$(inherited) @executable_path/Frameworks";
				PRODUCT_NAME = "$(TARGET_NAME)";
			};
			name = Debug;
		};
		B155056E19816930003BA89B /* Release */ = {
			isa = XCBuildConfiguration;
			buildSettings = {
				ASSETCATALOG_COMPILER_APPICON_NAME = AppIcon;
				ASSETCATALOG_COMPILER_LAUNCHIMAGE_NAME = LaunchImage;
				CODE_SIGN_IDENTITY = "iPhone Developer";
				INFOPLIST_FILE = "UIKit Dynamics Demo/Info.plist";
				IPHONEOS_DEPLOYMENT_TARGET = 7.1;
				LD_RUNPATH_SEARCH_PATHS = "$(inherited) @executable_path/Frameworks";
				PRODUCT_NAME = "$(TARGET_NAME)";
			};
			name = Release;
		};
		B155057019816930003BA89B /* Debug */ = {
			isa = XCBuildConfiguration;
			buildSettings = {
				BUNDLE_LOADER = "$(BUILT_PRODUCTS_DIR)/UIKit Dynamics Demo.app/UIKit Dynamics Demo";
				FRAMEWORK_SEARCH_PATHS = (
					"$(SDKROOT)/Developer/Library/Frameworks",
					"$(inherited)",
				);
				GCC_PREPROCESSOR_DEFINITIONS = (
					"DEBUG=1",
					"$(inherited)",
				);
				INFOPLIST_FILE = "UIKit Dynamics DemoTests/Info.plist";
				LD_RUNPATH_SEARCH_PATHS = "$(inherited) @executable_path/Frameworks @loader_path/Frameworks";
				PRODUCT_NAME = "$(TARGET_NAME)";
				TEST_HOST = "$(BUNDLE_LOADER)";
			};
			name = Debug;
		};
		B155057119816930003BA89B /* Release */ = {
			isa = XCBuildConfiguration;
			buildSettings = {
				BUNDLE_LOADER = "$(BUILT_PRODUCTS_DIR)/UIKit Dynamics Demo.app/UIKit Dynamics Demo";
				FRAMEWORK_SEARCH_PATHS = (
					"$(SDKROOT)/Developer/Library/Frameworks",
					"$(inherited)",
				);
				INFOPLIST_FILE = "UIKit Dynamics DemoTests/Info.plist";
				LD_RUNPATH_SEARCH_PATHS = "$(inherited) @executable_path/Frameworks @loader_path/Frameworks";
				PRODUCT_NAME = "$(TARGET_NAME)";
				TEST_HOST = "$(BUNDLE_LOADER)";
			};
			name = Release;
		};
/* End XCBuildConfiguration section */

/* Begin XCConfigurationList section */
		B155054919816930003BA89B /* Build configuration list for PBXProject "UIKit Dynamics Demo" */ = {
			isa = XCConfigurationList;
			buildConfigurations = (
				B155056A19816930003BA89B /* Debug */,
				B155056B19816930003BA89B /* Release */,
			);
			defaultConfigurationIsVisible = 0;
			defaultConfigurationName = Release;
		};
		B155056C19816930003BA89B /* Build configuration list for PBXNativeTarget "UIKit Dynamics Demo" */ = {
			isa = XCConfigurationList;
			buildConfigurations = (
				B155056D19816930003BA89B /* Debug */,
				B155056E19816930003BA89B /* Release */,
			);
			defaultConfigurationIsVisible = 0;
			defaultConfigurationName = Release;
		};
		B155056F19816930003BA89B /* Build configuration list for PBXNativeTarget "UIKit Dynamics DemoTests" */ = {
			isa = XCConfigurationList;
			buildConfigurations = (
				B155057019816930003BA89B /* Debug */,
				B155057119816930003BA89B /* Release */,
			);
			defaultConfigurationIsVisible = 0;
			defaultConfigurationName = Release;
		};
/* End XCConfigurationList section */
	};
	rootObject = B155054619816930003BA89B /* Project object */;
}
